
Microsoft Visual Studio Solution File, Format Version 12.00
# Visual Studio Version 16
VisualStudioVersion = 16.0.29613.14
MinimumVisualStudioVersion = 10.0.40219.1
Project("{888888A0-9F3D-457C-B088-3A5042F75D52}") = "YSdataproject", "dataproject\YSdataproject.pyproj", "{3F8EADCF-F780-4E8D-8625-3871E2A0B60C}"
EndProject
Global
	GlobalSection(SolutionConfigurationPlatforms) = preSolution
		Debug|Any CPU = Debug|Any CPU
		Release|Any CPU = Release|Any CPU
	EndGlobalSection
	GlobalSection(ProjectConfigurationPlatforms) = postSolution
		{3F8EADCF-F780-4E8D-8625-3871E2A0B60C}.Debug|Any CPU.ActiveCfg = Debug|Any CPU
		{3F8EADCF-F780-4E8D-8625-3871E2A0B60C}.Debug|Any CPU.Build.0 = Debug|Any CPU
		{3F8EADCF-F780-4E8D-8625-3871E2A0B60C}.Release|Any CPU.ActiveCfg = Release|Any CPU
		{3F8EADCF-F780-4E8D-8625-3871E2A0B60C}.Release|Any CPU.Build.0 = Release|Any CPU
	EndGlobalSection
	GlobalSection(SolutionProperties) = preSolution
		HideSolutionNode = FALSE
	EndGlobalSection
	GlobalSection(ExtensibilityGlobals) = postSolution
		SolutionGuid = {85B1F02B-7D4F-43AF-97BE-D18322DAF619}
	EndGlobalSection
EndGlobal
